<?xml version="1.0" encoding="utf-8"?>
<Project ToolsVersion="4.0" xmlns="http://schemas.microsoft.com/developer/msbuild/2003">
  <ItemGroup>
    <Filter Include="App">
      <UniqueIdentifier>{4FC737F1-C7A5-4376-A066-2A32D752A2FF}</UniqueIdentifier>
      <Extensions>cpp;c;cc;cxx;def;odl;idl;hpj;bat;asm;asmx</Extensions>
    </Filter>
    <Filter Include="GameEngine">
      <UniqueIdentifier>{dc2d29ac-b490-4326-b8d8-4ee03e9bafcd}</UniqueIdentifier>
    </Filter>
    <Filter Include="GameEngine\Windowing">
      <UniqueIdentifier>{67749096-c232-4f8b-80f9-a0c693df3226}</UniqueIdentifier>
    </Filter>
    <Filter Include="GameEngine\Math">
      <UniqueIdentifier>{09f11b32-1c84-42b5-8812-caf377abcd35}</UniqueIdentifier>
    </Filter>
    <Filter Include="GameEngine\InputSystem">
      <UniqueIdentifier>{f823b887-f84c-4a1d-ad65-6d01dadeaf12}</UniqueIdentifier>
    </Filter>
    <Filter Include="GameEngine\GraphicsEngine">
      <UniqueIdentifier>{14eabd91-601e-44c9-90a1-cc4ea81e0aa4}</UniqueIdentifier>
    </Filter>
    <Filter Include="GameEngine\GraphicsEngine\RenderSystem">
      <UniqueIdentifier>{c4b20b8c-4252-4b1e-acea-f8322c9c0d57}</UniqueIdentifier>
    </Filter>
    <Filter Include="GameEngine\GraphicsEngine\RenderSystem\ConstantBuffer">
      <UniqueIdentifier>{e3708ac3-a173-4998-9891-9d9980e13543}</UniqueIdentifier>
    </Filter>
    <Filter Include="GameEngine\GraphicsEngine\RenderSystem\DeviceContext">
      <UniqueIdentifier>{40cad938-d683-4d01-b40f-a990e942271b}</UniqueIdentifier>
    </Filter>
    <Filter Include="GameEngine\GraphicsEngine\RenderSystem\IndexBuffer">
      <UniqueIdentifier>{69da7116-14a8-402c-a045-2d2556f12d46}</UniqueIdentifier>
    </Filter>
    <Filter Include="GameEngine\GraphicsEngine\RenderSystem\PixelShader">
      <UniqueIdentifier>{a1879602-1211-4d69-9319-81b4ef145187}</UniqueIdentifier>
    </Filter>
    <Filter Include="GameEngine\GraphicsEngine\RenderSystem\SwapChain">
      <UniqueIdentifier>{03e8c9d0-ab33-4f16-85b4-da2e429e898b}</UniqueIdentifier>
    </Filter>
    <Filter Include="GameEngine\GraphicsEngine\RenderSystem\VertexBuffer">
      <UniqueIdentifier>{6e610e26-271b-45b1-a913-74013a2ffdea}</UniqueIdentifier>
    </Filter>
    <Filter Include="GameEngine\GraphicsEngine\RenderSystem\VertexShader">
      <UniqueIdentifier>{0d302028-3790-47f0-8eb2-e9c68ce60183}</UniqueIdentifier>
    </Filter>
    <Filter Include="GameEngine\GraphicsEngine\ResourceManager">
      <UniqueIdentifier>{b5f059b6-b707-49ff-9555-d86fd2989984}</UniqueIdentifier>
    </Filter>
    <Filter Include="GameEngine\GraphicsEngine\ResourceManager\TextureManager">
      <UniqueIdentifier>{7ec58818-83d4-40c2-95d0-1ed260cfe57f}</UniqueIdentifier>
    </Filter>
    <Filter Include="GameEngine\GraphicsEngine\ResourceManager\MeshManager">
      <UniqueIdentifier>{d1426f1f-e1c0-4d33-a5c9-294d9f1b1663}</UniqueIdentifier>
    </Filter>
    <Filter Include="GameEngine\GraphicsEngine\Material">
      <UniqueIdentifier>{61ebd678-6a80-4a1a-9025-30cb8e29ad12}</UniqueIdentifier>
    </Filter>
    <Filter Include="App\OldDemo">
      <UniqueIdentifier>{ec9385ae-985e-4bb6-8d58-c709d412475e}</UniqueIdentifier>
    </Filter>
    <Filter Include="App\OldDemo\Shaders">
      <UniqueIdentifier>{1c4a2beb-c3aa-44d0-96a6-f9053a8cab61}</UniqueIdentifier>
    </Filter>
    <Filter Include="App\OldDemo\Shaders\EarthShaders">
      <UniqueIdentifier>{0cf3e6d8-d381-49b6-8f53-c4713f71c483}</UniqueIdentifier>
    </Filter>
    <Filter Include="App\SpaceShooterGame">
      <UniqueIdentifier>{326d6423-6970-43bc-8c76-7991c692761a}</UniqueIdentifier>
    </Filter>
    <Filter Include="App\GlobalShaders">
      <UniqueIdentifier>{30212996-b374-48f8-b49d-4498ec21c2cb}</UniqueIdentifier>
    </Filter>
    <Filter Include="App\GlobalShaders\SkyBox">
      <UniqueIdentifier>{b4c68cdd-729e-4845-9d1c-2f5adcb812c1}</UniqueIdentifier>
    </Filter>
    <Filter Include="App\GlobalShaders\DirectionalLight">
      <UniqueIdentifier>{8bf7e089-6b81-49ad-8011-c0e5609e1c01}</UniqueIdentifier>
    </Filter>
    <Filter Include="App\GlobalShaders\PointLightShaders">
      <UniqueIdentifier>{08f4208b-862b-4f46-868e-68b7ab5dc173}</UniqueIdentifier>
    </Filter>
    <Filter Include="App\BumpMappingDemo">
      <UniqueIdentifier>{67047222-628d-4a5a-8103-8e6447d0017f}</UniqueIdentifier>
    </Filter>
    <Filter Include="App\GlobalShaders\DirLightBumpMapping">
      <UniqueIdentifier>{7e3fee61-6149-4858-b6f7-2831c21b5898}</UniqueIdentifier>
    </Filter>
    <Filter Include="App\FrameBufferDemo">
      <UniqueIdentifier>{a97157d8-37e4-4b75-8a33-88e51a463dd6}</UniqueIdentifier>
    </Filter>
    <Filter Include="App\PostProcessingDemo">
      <UniqueIdentifier>{19cb30de-0502-43a0-8dec-72456b0a9ece}</UniqueIdentifier>
    </Filter>
    <Filter Include="App\GlobalShaders\PostProcessEffect">
      <UniqueIdentifier>{e109b791-8b59-4c00-8570-e55e9c67744c}</UniqueIdentifier>
    </Filter>
  </ItemGroup>
  <ItemGroup>
    <ClCompile Include="Main.cpp">
      <Filter>App</Filter>
    </ClCompile>
    <ClCompile Include="Window.cpp">
      <Filter>GameEngine\Windowing</Filter>
    </ClCompile>
    <ClCompile Include="GraphicsEngine.cpp">
      <Filter>GameEngine\GraphicsEngine</Filter>
    </ClCompile>
    <ClCompile Include="SwapChain.cpp">
      <Filter>GameEngine\GraphicsEngine\RenderSystem\SwapChain</Filter>
    </ClCompile>
    <ClCompile Include="DeviceContext.cpp">
      <Filter>GameEngine\GraphicsEngine\RenderSystem\DeviceContext</Filter>
    </ClCompile>
    <ClCompile Include="VertexBuffer.cpp">
      <Filter>GameEngine\GraphicsEngine\RenderSystem\VertexBuffer</Filter>
    </ClCompile>
    <ClCompile Include="VertexShader.cpp">
      <Filter>GameEngine\GraphicsEngine\RenderSystem\VertexShader</Filter>
    </ClCompile>
    <ClCompile Include="PixelShader.cpp">
      <Filter>GameEngine\GraphicsEngine\RenderSystem\PixelShader</Filter>
    </ClCompile>
    <ClCompile Include="ConstantBuffer.cpp">
      <Filter>GameEngine\GraphicsEngine\RenderSystem\ConstantBuffer</Filter>
    </ClCompile>
    <ClCompile Include="IndexBuffer.cpp">
      <Filter>GameEngine\GraphicsEngine\RenderSystem\IndexBuffer</Filter>
    </ClCompile>
    <ClCompile Include="InputSystem.cpp">
      <Filter>GameEngine\InputSystem</Filter>
    </ClCompile>
    <ClCompile Include="RenderSystem.cpp">
      <Filter>GameEngine\GraphicsEngine\RenderSystem</Filter>
    </ClCompile>
    <ClCompile Include="Resource.cpp">
      <Filter>GameEngine\GraphicsEngine\ResourceManager</Filter>
    </ClCompile>
    <ClCompile Include="ResourceManager.cpp">
      <Filter>GameEngine\GraphicsEngine\ResourceManager</Filter>
    </ClCompile>
    <ClCompile Include="TextureManager.cpp">
      <Filter>GameEngine\GraphicsEngine\ResourceManager\TextureManager</Filter>
    </ClCompile>
    <ClCompile Include="Texture.cpp">
      <Filter>GameEngine\GraphicsEngine\ResourceManager\TextureManager</Filter>
    </ClCompile>
    <ClCompile Include="Mesh.cpp">
      <Filter>GameEngine\GraphicsEngine\ResourceManager\MeshManager</Filter>
    </ClCompile>
    <ClCompile Include="MeshManager.cpp">
      <Filter>GameEngine\GraphicsEngine\ResourceManager\MeshManager</Filter>
    </ClCompile>
    <ClCompile Include="Material.cpp">
      <Filter>GameEngine\GraphicsEngine\Material</Filter>
    </ClCompile>
    <ClCompile Include="AppWindow.cpp">
      <Filter>App\OldDemo</Filter>
    </ClCompile>
    <ClCompile Include="SpaceShooterGame.cpp">
      <Filter>App\SpaceShooterGame</Filter>
    </ClCompile>
    <ClCompile Include="BumpMappingDemo.cpp">
      <Filter>App\BumpMappingDemo</Filter>
    </ClCompile>
    <ClCompile Include="FrameBufferDemo.cpp">
      <Filter>App\FrameBufferDemo</Filter>
    </ClCompile>
    <ClCompile Include="MiniGame.cpp">
      <Filter>App\FrameBufferDemo</Filter>
    </ClCompile>
    <ClCompile Include="PostProcessingDemo.cpp">
      <Filter>App\PostProcessingDemo</Filter>
    </ClCompile>
  </ItemGroup>
  <ItemGroup>
    <ClInclude Include="Window.h">
      <Filter>GameEngine\Windowing</Filter>
    </ClInclude>
    <ClInclude Include="GraphicsEngine.h">
      <Filter>GameEngine\GraphicsEngine</Filter>
    </ClInclude>
    <ClInclude Include="SwapChain.h">
      <Filter>GameEngine\GraphicsEngine\RenderSystem\SwapChain</Filter>
    </ClInclude>
    <ClInclude Include="DeviceContext.h">
      <Filter>GameEngine\GraphicsEngine\RenderSystem\DeviceContext</Filter>
    </ClInclude>
    <ClInclude Include="VertexBuffer.h">
      <Filter>GameEngine\GraphicsEngine\RenderSystem\VertexBuffer</Filter>
    </ClInclude>
    <ClInclude Include="VertexShader.h">
      <Filter>GameEngine\GraphicsEngine\RenderSystem\VertexShader</Filter>
    </ClInclude>
    <ClInclude Include="PixelShader.h">
      <Filter>GameEngine\GraphicsEngine\RenderSystem\PixelShader</Filter>
    </ClInclude>
    <ClInclude Include="ConstantBuffer.h">
      <Filter>GameEngine\GraphicsEngine\RenderSystem\ConstantBuffer</Filter>
    </ClInclude>
    <ClInclude Include="Geometry.h">
      <Filter>GameEngine\Math</Filter>
    </ClInclude>
    <ClInclude Include="IndexBuffer.h">
      <Filter>GameEngine\GraphicsEngine\RenderSystem\IndexBuffer</Filter>
    </ClInclude>
    <ClInclude Include="InputSystem.h">
      <Filter>GameEngine\InputSystem</Filter>
    </ClInclude>
    <ClInclude Include="InputListener.h">
      <Filter>GameEngine\InputSystem</Filter>
    </ClInclude>
    <ClInclude Include="RenderSystem.h">
      <Filter>GameEngine\GraphicsEngine\RenderSystem</Filter>
    </ClInclude>
    <ClInclude Include="Prerequisites.h">
      <Filter>GameEngine\GraphicsEngine</Filter>
    </ClInclude>
    <ClInclude Include="Resource.h">
      <Filter>GameEngine\GraphicsEngine\ResourceManager</Filter>
    </ClInclude>
    <ClInclude Include="ResourceManager.h">
      <Filter>GameEngine\GraphicsEngine\ResourceManager</Filter>
    </ClInclude>
    <ClInclude Include="TextureManager.h">
      <Filter>GameEngine\GraphicsEngine\ResourceManager\TextureManager</Filter>
    </ClInclude>
    <ClInclude Include="Texture.h">
      <Filter>GameEngine\GraphicsEngine\ResourceManager\TextureManager</Filter>
    </ClInclude>
    <ClInclude Include="Mesh.h">
      <Filter>GameEngine\GraphicsEngine\ResourceManager\MeshManager</Filter>
    </ClInclude>
    <ClInclude Include="MeshManager.h">
      <Filter>GameEngine\GraphicsEngine\ResourceManager\MeshManager</Filter>
    </ClInclude>
    <ClInclude Include="Material.h">
      <Filter>GameEngine\GraphicsEngine\Material</Filter>
    </ClInclude>
    <ClInclude Include="AppWindow.h">
      <Filter>App\OldDemo</Filter>
    </ClInclude>
    <ClInclude Include="SpaceShooterGame.h">
      <Filter>App\SpaceShooterGame</Filter>
    </ClInclude>
    <ClInclude Include="MathUtils.h">
      <Filter>GameEngine\Math</Filter>
    </ClInclude>
    <ClInclude Include="BumpMappingDemo.h">
      <Filter>App\BumpMappingDemo</Filter>
    </ClInclude>
    <ClInclude Include="FrameBufferDemo.h">
      <Filter>App\FrameBufferDemo</Filter>
    </ClInclude>
    <ClInclude Include="MiniGame.h">
      <Filter>App\FrameBufferDemo</Filter>
    </ClInclude>
    <ClInclude Include="PostProcessingDemo.h">
      <Filter>App\PostProcessingDemo</Filter>
    </ClInclude>
  </ItemGroup>
  <ItemGroup>
    <FxCompile Include="EarthPixelShader.hlsl">
      <Filter>App\OldDemo\Shaders\EarthShaders</Filter>
    </FxCompile>
    <FxCompile Include="EarthVertexShader.hlsl">
      <Filter>App\OldDemo\Shaders\EarthShaders</Filter>
    </FxCompile>
    <FxCompile Include="PointLightVertexShader.hlsl">
      <Filter>App\GlobalShaders\PointLightShaders</Filter>
    </FxCompile>
    <FxCompile Include="PointLightPixelShader.hlsl">
      <Filter>App\GlobalShaders\PointLightShaders</Filter>
    </FxCompile>
    <FxCompile Include="SkyBoxPixelShader.hlsl">
      <Filter>App\GlobalShaders\SkyBox</Filter>
    </FxCompile>
    <FxCompile Include="DirectionalLightPixelShader.hlsl">
      <Filter>App\GlobalShaders\DirectionalLight</Filter>
    </FxCompile>
    <FxCompile Include="DirectionalLightVertexShader.hlsl">
      <Filter>App\GlobalShaders\DirectionalLight</Filter>
    </FxCompile>
    <FxCompile Include="SkyBoxVertexShader.hlsl">
      <Filter>App\GlobalShaders\SkyBox</Filter>
    </FxCompile>
    <FxCompile Include="VertexMeshLayoutShader.hlsl">
      <Filter>GameEngine\GraphicsEngine</Filter>
    </FxCompile>
    <FxCompile Include="DirLightBumpPS.hlsl">
      <Filter>App\GlobalShaders\DirLightBumpMapping</Filter>
    </FxCompile>
    <FxCompile Include="DirLightBumpVS.hlsl">
      <Filter>App\GlobalShaders\DirLightBumpMapping</Filter>
    </FxCompile>
    <FxCompile Include="PostProcessVS.hlsl">
      <Filter>App\GlobalShaders\PostProcessEffect</Filter>
    </FxCompile>
    <FxCompile Include="DistortionEffect.hlsl">
      <Filter>App\GlobalShaders\PostProcessEffect</Filter>
    </FxCompile>
  </ItemGroup>
</Project>